# This file is autogenerated, do not edit; changes may be undone by the next 'dep ensure'.


[[projects]]
  branch = "master"
  digest = "1:210dd3b6f30ebc5ff2e0b4795b5141ee4578c29b38df0326fb140863d45c01fa"
  name = "github.com/creack/goselect"
  packages = ["."]
  pruneopts = "UT"
  revision = "58854f77ee8d858ce751b0a9bcc5533fef7bfa9e"

[[projects]]
  digest = "1:0ade334594e69404d80d9d323445d2297ff8161637f9b2d347cc6973d2d6f05b"
  name = "github.com/hashicorp/errwrap"
  packages = ["."]
  pruneopts = "UT"
  revision = "8a6fb523712970c966eefc6b39ed2c5e74880354"
  version = "v1.0.0"

[[projects]]
  branch = "master"
  digest = "1:f668349b83f7d779567c880550534addeca7ebadfdcf44b0b9c39be61864b4b7"
  name = "github.com/hashicorp/go-multierror"
  packages = ["."]
  pruneopts = "UT"
  revision = "886a7fbe3eb1c874d46f623bfa70af45f425b3d1"

[[projects]]
  digest = "1:b24d38b282bacf9791408a080f606370efa3d364e4b5fd9ba0f7b87786d3b679"
  name = "github.com/urfave/cli"
  packages = ["."]
  pruneopts = "UT"
  revision = "cfb38830724cc34fedffe9a2a29fb54fa9169cd1"
  version = "v1.20.0"

[[projects]]
  branch = "master"
  digest = "1:177147c6beea9efbe2e2f58b17ff1686f084ac7d7f4b6a36e085f8cb98e106a0"
  name = "go.bug.st/serial.v1"
  packages = [
    ".",
    "unixutils",
  ]
  pruneopts = "UT"
  revision = "5f7892a7bb453066bdc6683b9b5d24d9dee03ec1"

[[projects]]
  digest = "1:41d25bb9ca31d585bbd226c9f0661cc3d5a0331f71b579efd5cded376f67cabd"
  name = "gobot.io/x/gobot"
  packages = [
    ".",
    "platforms/neurosky",
  ]
  pruneopts = "UT"
  revision = "ed531980b4efe72c4fd9e768171855de3af2d718"
  version = "v1.12.0"

[[projects]]
  branch = "master"
  digest = "1:850d28ab022512e2cd3cf511a77f363c29e22689b4031f2050871f5de47ae4a0"
  name = "golang.org/x/sys"
  packages = [
    "unix",
    "windows",
  ]
  pruneopts = "UT"
  revision = "4497e2df6f9e69048a54498c7affbbec3294ad47"

[solve-meta]
  analyzer-name = "dep"
  analyzer-version = 1
  input-imports = [
    "github.com/urfave/cli",
    "gobot.io/x/gobot",
    "gobot.io/x/gobot/platforms/neurosky",
  ]
  solver-name = "gps-cdcl"
  solver-version = 1
